<Solution>
  <Folder Name="/src/">
    <Project Path="src/WinUiXaml.Xaml/WinUiXaml.Xaml.csproj" />
    <Project Path="src/WinUiXaml.Workspace/WinUiXaml.Workspace.csproj" />
    <Project Path="src/WinUiXaml.LanguageServer/WinUiXaml.LanguageServer.csproj" />
  </Folder>
  <Folder Name="/test/">
    <Project Path="test/WinUiXaml.Xaml.Tests/WinUiXaml.Xaml.Tests.csproj" />
    <Project Path="test/WinUiXaml.Workspace.Tests/WinUiXaml.Workspace.Tests.csproj" />
    <Project Path="test/WinUiXaml.LanguageServer.Tests/WinUiXaml.LanguageServer.Tests.csproj" />
  </Folder>
</Solution>
